
Microsoft Visual Studio Solution File, Format Version 12.00
# Visual Studio Version 17
VisualStudioVersion = 17.0.31903.59
MinimumVisualStudioVersion = 10.0.40219.1
Project("{2150E333-8FDC-42A3-9474-1A3956D46DE8}") = "src", "src", "{FC17B5B2-CD75-49A7-88A5-614D96D4766B}"
EndProject
Project("{FAE04EC0-301F-11D3-BF4B-00C04F79EFBC}") = "AuctionService", "src\AuctionService\AuctionService.csproj", "{7B0206A9-8EB0-4D62-A689-6DA5F73A4FAD}"
EndProject
Project("{FAE04EC0-301F-11D3-BF4B-00C04F79EFBC}") = "SearchService", "src\SearchService\SearchService.csproj", "{DD258FFC-CD9E-4D88-8AF6-A35C1C17A2C1}"
EndProject
Project("{FAE04EC0-301F-11D3-BF4B-00C04F79EFBC}") = "Contracts", "src\Contracts\Contracts.csproj", "{106B0EDF-CF26-40F4-961B-1B11255EE0D2}"
EndProject
Project("{FAE04EC0-301F-11D3-BF4B-00C04F79EFBC}") = "IdentityService", "src\IdentityService\IdentityService.csproj", "{13391E20-2164-4806-B9AC-D39554A44DCD}"
EndProject
Project("{FAE04EC0-301F-11D3-BF4B-00C04F79EFBC}") = "GatewayService", "src\GatewayService\GatewayService.csproj", "{989494E7-0331-4CAA-A3A6-9956CA83CA3A}"
EndProject
Project("{FAE04EC0-301F-11D3-BF4B-00C04F79EFBC}") = "BiddingService", "src\BiddingService\BiddingService.csproj", "{82E8575C-9AE0-4B83-B0C2-4D6B0EE83C7E}"
EndProject
Global
	GlobalSection(SolutionConfigurationPlatforms) = preSolution
		Debug|Any CPU = Debug|Any CPU
		Release|Any CPU = Release|Any CPU
	EndGlobalSection
	GlobalSection(SolutionProperties) = preSolution
		HideSolutionNode = FALSE
	EndGlobalSection
	GlobalSection(ProjectConfigurationPlatforms) = postSolution
		{7B0206A9-8EB0-4D62-A689-6DA5F73A4FAD}.Debug|Any CPU.ActiveCfg = Debug|Any CPU
		{7B0206A9-8EB0-4D62-A689-6DA5F73A4FAD}.Debug|Any CPU.Build.0 = Debug|Any CPU
		{7B0206A9-8EB0-4D62-A689-6DA5F73A4FAD}.Release|Any CPU.ActiveCfg = Release|Any CPU
		{7B0206A9-8EB0-4D62-A689-6DA5F73A4FAD}.Release|Any CPU.Build.0 = Release|Any CPU
		{DD258FFC-CD9E-4D88-8AF6-A35C1C17A2C1}.Debug|Any CPU.ActiveCfg = Debug|Any CPU
		{DD258FFC-CD9E-4D88-8AF6-A35C1C17A2C1}.Debug|Any CPU.Build.0 = Debug|Any CPU
		{DD258FFC-CD9E-4D88-8AF6-A35C1C17A2C1}.Release|Any CPU.ActiveCfg = Release|Any CPU
		{DD258FFC-CD9E-4D88-8AF6-A35C1C17A2C1}.Release|Any CPU.Build.0 = Release|Any CPU
		{106B0EDF-CF26-40F4-961B-1B11255EE0D2}.Debug|Any CPU.ActiveCfg = Debug|Any CPU
		{106B0EDF-CF26-40F4-961B-1B11255EE0D2}.Debug|Any CPU.Build.0 = Debug|Any CPU
		{106B0EDF-CF26-40F4-961B-1B11255EE0D2}.Release|Any CPU.ActiveCfg = Release|Any CPU
		{106B0EDF-CF26-40F4-961B-1B11255EE0D2}.Release|Any CPU.Build.0 = Release|Any CPU
		{13391E20-2164-4806-B9AC-D39554A44DCD}.Debug|Any CPU.ActiveCfg = Debug|Any CPU
		{13391E20-2164-4806-B9AC-D39554A44DCD}.Debug|Any CPU.Build.0 = Debug|Any CPU
		{13391E20-2164-4806-B9AC-D39554A44DCD}.Release|Any CPU.ActiveCfg = Release|Any CPU
		{13391E20-2164-4806-B9AC-D39554A44DCD}.Release|Any CPU.Build.0 = Release|Any CPU
		{989494E7-0331-4CAA-A3A6-9956CA83CA3A}.Debug|Any CPU.ActiveCfg = Debug|Any CPU
		{989494E7-0331-4CAA-A3A6-9956CA83CA3A}.Debug|Any CPU.Build.0 = Debug|Any CPU
		{989494E7-0331-4CAA-A3A6-9956CA83CA3A}.Release|Any CPU.ActiveCfg = Release|Any CPU
		{989494E7-0331-4CAA-A3A6-9956CA83CA3A}.Release|Any CPU.Build.0 = Release|Any CPU
		{82E8575C-9AE0-4B83-B0C2-4D6B0EE83C7E}.Debug|Any CPU.ActiveCfg = Debug|Any CPU
		{82E8575C-9AE0-4B83-B0C2-4D6B0EE83C7E}.Debug|Any CPU.Build.0 = Debug|Any CPU
		{82E8575C-9AE0-4B83-B0C2-4D6B0EE83C7E}.Release|Any CPU.ActiveCfg = Release|Any CPU
		{82E8575C-9AE0-4B83-B0C2-4D6B0EE83C7E}.Release|Any CPU.Build.0 = Release|Any CPU
	EndGlobalSection
	GlobalSection(NestedProjects) = preSolution
		{7B0206A9-8EB0-4D62-A689-6DA5F73A4FAD} = {FC17B5B2-CD75-49A7-88A5-614D96D4766B}
		{DD258FFC-CD9E-4D88-8AF6-A35C1C17A2C1} = {FC17B5B2-CD75-49A7-88A5-614D96D4766B}
		{106B0EDF-CF26-40F4-961B-1B11255EE0D2} = {FC17B5B2-CD75-49A7-88A5-614D96D4766B}
		{13391E20-2164-4806-B9AC-D39554A44DCD} = {FC17B5B2-CD75-49A7-88A5-614D96D4766B}
		{989494E7-0331-4CAA-A3A6-9956CA83CA3A} = {FC17B5B2-CD75-49A7-88A5-614D96D4766B}
		{82E8575C-9AE0-4B83-B0C2-4D6B0EE83C7E} = {FC17B5B2-CD75-49A7-88A5-614D96D4766B}
	EndGlobalSection
EndGlobal
